
Microsoft Visual Studio Solution File, Format Version 12.00
# Visual Studio 15
VisualStudioVersion = 15.0.28307.1062
MinimumVisualStudioVersion = 10.0.40219.1
Project("{FAE04EC0-301F-11D3-BF4B-00C04F79EFBC}") = "ResumeEmailer", "ResumeEmailer\ResumeEmailer.csproj", "{5C37B1AE-BA02-4120-9D27-A81465600787}"
EndProject
Global
	GlobalSection(SolutionConfigurationPlatforms) = preSolution
		Debug|Any CPU = Debug|Any CPU
		Release|Any CPU = Release|Any CPU
	EndGlobalSection
	GlobalSection(ProjectConfigurationPlatforms) = postSolution
		{5C37B1AE-BA02-4120-9D27-A81465600787}.Debug|Any CPU.ActiveCfg = Debug|Any CPU
		{5C37B1AE-BA02-4120-9D27-A81465600787}.Debug|Any CPU.Build.0 = Debug|Any CPU
		{5C37B1AE-BA02-4120-9D27-A81465600787}.Release|Any CPU.ActiveCfg = Release|Any CPU
		{5C37B1AE-BA02-4120-9D27-A81465600787}.Release|Any CPU.Build.0 = Release|Any CPU
	EndGlobalSection
	GlobalSection(SolutionProperties) = preSolution
		HideSolutionNode = FALSE
	EndGlobalSection
	GlobalSection(ExtensibilityGlobals) = postSolution
		SolutionGuid = {68A54300-AF66-4FB5-95F7-AD450338B9C6}
	EndGlobalSection
EndGlobal
